
Microsoft Visual Studio Solution File, Format Version 12.00
# Visual Studio Version 16
VisualStudioVersion = 16.0.30503.244
MinimumVisualStudioVersion = 10.0.40219.1
Project("{FAE04EC0-301F-11D3-BF4B-00C04F79EFBC}") = "CwnPdfUtilityWeb", "CwnPdfUtilityWeb\CwnPdfUtilityWeb.csproj", "{3F4F1B60-2F8B-43E4-98B4-C5EE946A9DE3}"
EndProject
Global
	GlobalSection(SolutionConfigurationPlatforms) = preSolution
		Debug|Any CPU = Debug|Any CPU
		Release|Any CPU = Release|Any CPU
	EndGlobalSection
	GlobalSection(ProjectConfigurationPlatforms) = postSolution
		{3F4F1B60-2F8B-43E4-98B4-C5EE946A9DE3}.Debug|Any CPU.ActiveCfg = Debug|Any CPU
		{3F4F1B60-2F8B-43E4-98B4-C5EE946A9DE3}.Debug|Any CPU.Build.0 = Debug|Any CPU
		{3F4F1B60-2F8B-43E4-98B4-C5EE946A9DE3}.Release|Any CPU.ActiveCfg = Release|Any CPU
		{3F4F1B60-2F8B-43E4-98B4-C5EE946A9DE3}.Release|Any CPU.Build.0 = Release|Any CPU
	EndGlobalSection
	GlobalSection(SolutionProperties) = preSolution
		HideSolutionNode = FALSE
	EndGlobalSection
	GlobalSection(ExtensibilityGlobals) = postSolution
		SolutionGuid = {336BDEC4-E9B7-4E64-AB2A-90E9F5925D2A}
	EndGlobalSection
EndGlobal
